PODS:
  - CocoaLumberjack (1.9.2):
    - CocoaLumberjack/Extensions
  - CocoaLumberjack/Core (1.9.2)
  - CocoaLumberjack/Extensions (1.9.2):
    - CocoaLumberjack/Core
  - KFLogFormatter (1.0.0):
    - CocoaLumberjack (~> 1.6)

DEPENDENCIES:
  - KFLogFormatter (from `../`)

EXTERNAL SOURCES:
  KFLogFormatter:
    :path: ../

SPEC CHECKSUMS:
  CocoaLumberjack: 205769c032b5fef85b92472046bcc8b7e7c8a817
  KFLogFormatter: c840dca72f6c760d072f34b3277ce39bfaeac5a0

COCOAPODS: 0.33.1
