PODS:
  - CocoaLumberjack (1.6.2)
  - KFLogFormatter (0.1.0):
    - CocoaLumberjack (~> 1.6)

DEPENDENCIES:
  - KFLogFormatter (from `../`)

EXTERNAL SOURCES:
  KFLogFormatter:
    :path: ../

SPEC CHECKSUMS:
  CocoaLumberjack: d73e1e317ced14ab930797dda6c17156ff17aaa1
  KFLogFormatter: 8031d303d343050397b946c212a5ab7e88a1f66a

COCOAPODS: 0.23.0
