PODS:
  - CocoaLumberjack (1.6.2)
  - KFLogFormatter (0.1.0):
    - CocoaLumberjack (~> 1.6)

DEPENDENCIES:
  - KFLogFormatter (from `../`)

EXTERNAL SOURCES:
  KFLogFormatter:
    :path: ../

SPEC CHECKSUMS:
  CocoaLumberjack: d73e1e317ced14ab930797dda6c17156ff17aaa1
  KFLogFormatter: 8ee5d5a8dc7d676316b2034b0fa7fa70bd3f566e

COCOAPODS: 0.26.2
